{
  "requires": true,
  "lockfileVersion": 1,
  "dependencies": {
    "@angular/service-worker": {
      "version": "1.0.0-beta.16",
      "resolved": "https://registry.npmjs.org/@angular/service-worker/-/service-worker-1.0.0-beta.16.tgz",
      "integrity": "sha1-y0/NHVsxEZUTb9KEvPLbuHBUTWQ=",
      "requires": {
        "base64-js": "1.2.1",
        "jshashes": "1.0.7"
      }
    },
    "base64-js": {
      "version": "1.2.1",
      "resolved": "https://registry.npmjs.org/base64-js/-/base64-js-1.2.1.tgz",
      "integrity": "sha512-dwVUVIXsBZXwTuwnXI9RK8sBmgq09NDHzyR9SAph9eqk76gKK2JSQmZARC2zRC81JC2QTtxD0ARU5qTS25gIGw=="
    },
    "jshashes": {
      "version": "1.0.7",
      "resolved": "https://registry.npmjs.org/jshashes/-/jshashes-1.0.7.tgz",
      "integrity": "sha1-vtjJeg6WMv0FE5FvVfdt1Uhr5Z8="
    }
  }
}
